{
  "name": "vibetotext",
  "lockfileVersion": 3,
  "requires": true,
  "packages": {
    "": {
      "dependencies": {
        "@fal-ai/client": "^1.9.1",
        "@gltf-transform/core": "^4.3.0"
      }
    },
    "node_modules/@fal-ai/client": {
      "version": "1.9.1",
      "resolved": "https://registry.npmjs.org/@fal-ai/client/-/client-1.9.1.tgz",
      "integrity": "sha512-Z6+n9/2sKlDam1wWDfRWmMkLS09e2WhTU9w+2eWL7PuoGmHK43IhwKirk4b3kPC/QPp1g+ymfvhrSiS1SpDr6g==",
      "license": "MIT",
      "dependencies": {
        "@msgpack/msgpack": "^3.0.0-beta2",
        "eventsource-parser": "^1.1.2",
        "robot3": "^0.4.1"
      },
      "engines": {
        "node": ">=18.0.0"
      }
    },
    "node_modules/@gltf-transform/core": {
      "version": "4.3.0",
      "resolved": "https://registry.npmjs.org/@gltf-transform/core/-/core-4.3.0.tgz",
      "integrity": "sha512-ZeaQfszGJ9LYwELszu45CuDQCsE26lJNNe36FVmN8xclaT6WDdCj7fwGpQXo0/l/YgAVAHX+uO7YNBW75/SRYw==",
      "license": "MIT",
      "dependencies": {
        "property-graph": "^4.0.0"
      },
      "funding": {
        "url": "https://github.com/sponsors/donmccurdy"
      }
    },
    "node_modules/@msgpack/msgpack": {
      "version": "3.1.3",
      "resolved": "https://registry.npmjs.org/@msgpack/msgpack/-/msgpack-3.1.3.tgz",
      "integrity": "sha512-47XIizs9XZXvuJgoaJUIE2lFoID8ugvc0jzSHP+Ptfk8nTbnR8g788wv48N03Kx0UkAv559HWRQ3yzOgzlRNUA==",
      "license": "ISC",
      "engines": {
        "node": ">= 18"
      }
    },
    "node_modules/eventsource-parser": {
      "version": "1.1.2",
      "resolved": "https://registry.npmjs.org/eventsource-parser/-/eventsource-parser-1.1.2.tgz",
      "integrity": "sha512-v0eOBUbiaFojBu2s2NPBfYUoRR9GjcDNvCXVaqEf5vVfpIAh9f8RCo4vXTP8c63QRKCFwoLpMpTdPwwhEKVgzA==",
      "license": "MIT",
      "engines": {
        "node": ">=14.18"
      }
    },
    "node_modules/property-graph": {
      "version": "4.0.0",
      "resolved": "https://registry.npmjs.org/property-graph/-/property-graph-4.0.0.tgz",
      "integrity": "sha512-I0hojAJfTbSCZy3y6xyK29eayxo14v1bj1VPiDkHjTdz33SV6RdfMz2AHnf4ai62Vng2mN5GkaKahkooBIo9gA==",
      "license": "MIT"
    },
    "node_modules/robot3": {
      "version": "0.4.1",
      "resolved": "https://registry.npmjs.org/robot3/-/robot3-0.4.1.tgz",
      "integrity": "sha512-hzjy826lrxzx8eRgv80idkf8ua1JAepRc9Efdtj03N3KNJuznQCPlyCJ7gnUmDFwZCLQjxy567mQVKmdv2BsXQ==",
      "license": "BSD-2-Clause"
    }
  }
}
